
Microsoft Visual Studio Solution File, Format Version 12.00
# Visual Studio Version 16
VisualStudioVersion = 16.0.31205.134
MinimumVisualStudioVersion = 10.0.40219.1
Project("{9A19103F-16F7-4668-BE54-9A1E7A4F7556}") = "Infra", ".\infra\Infra.csproj", "{0BBD9426-B11D-4AC2-AD6D-F4FC6980753B}"
EndProject
Project("{FAE04EC0-301F-11D3-BF4B-00C04F79EFBC}") = "Test", ".\test\Test.csproj", "{18F9E01D-2247-4716-AFFD-5D115EE85CE8}"
EndProject
Global
	GlobalSection(SolutionConfigurationPlatforms) = preSolution
		Debug|Any CPU = Debug|Any CPU
		Release|Any CPU = Release|Any CPU
	EndGlobalSection
	GlobalSection(ProjectConfigurationPlatforms) = postSolution
		{0BBD9426-B11D-4AC2-AD6D-F4FC6980753B}.Debug|Any CPU.ActiveCfg = Debug|Any CPU
		{0BBD9426-B11D-4AC2-AD6D-F4FC6980753B}.Debug|Any CPU.Build.0 = Debug|Any CPU
		{0BBD9426-B11D-4AC2-AD6D-F4FC6980753B}.Release|Any CPU.ActiveCfg = Release|Any CPU
		{0BBD9426-B11D-4AC2-AD6D-F4FC6980753B}.Release|Any CPU.Build.0 = Release|Any CPU
		{18F9E01D-2247-4716-AFFD-5D115EE85CE8}.Debug|Any CPU.ActiveCfg = Debug|Any CPU
		{18F9E01D-2247-4716-AFFD-5D115EE85CE8}.Debug|Any CPU.Build.0 = Debug|Any CPU
		{18F9E01D-2247-4716-AFFD-5D115EE85CE8}.Release|Any CPU.ActiveCfg = Release|Any CPU
		{18F9E01D-2247-4716-AFFD-5D115EE85CE8}.Release|Any CPU.Build.0 = Release|Any CPU
	EndGlobalSection
	GlobalSection(SolutionProperties) = preSolution
		HideSolutionNode = FALSE
	EndGlobalSection
	GlobalSection(ExtensibilityGlobals) = postSolution
		SolutionGuid = {F59698AE-9DC2-4E0E-9347-40AA8BFA9644}
	EndGlobalSection
EndGlobal
